// !$*UTF8*$!
{
	archiveVersion = 1;
	classes = {
	};
	objectVersion = 46;
	objects = {

/* Begin PBXBuildFile section */
		1F2CB8751B2EC27800525894 /* TestObject.m in Sources */ = {isa = PBXBuildFile; fileRef = 1F2CB8741B2EC27800525894 /* TestObject.m */; };
		1F71B20E1B300187003C3E69 /* CoreData.framework in Frameworks */ = {isa = PBXBuildFile; fileRef = 1F71B20D1B300187003C3E69 /* CoreData.framework */; };
		1F71B3071B300474003C3E69 /* MagicalImportFunctions.m in Sources */ = {isa = PBXBuildFile; fileRef = 1F71B2CB1B300474003C3E69 /* MagicalImportFunctions.m */; };
		1F71B3081B300474003C3E69 /* NSAttributeDescription+MagicalDataImport.m in Sources */ = {isa = PBXBuildFile; fileRef = 1F71B2CD1B300474003C3E69 /* NSAttributeDescription+MagicalDataImport.m */; };
		1F71B3091B300474003C3E69 /* NSEntityDescription+MagicalDataImport.m in Sources */ = {isa = PBXBuildFile; fileRef = 1F71B2CF1B300474003C3E69 /* NSEntityDescription+MagicalDataImport.m */; };
		1F71B30A1B300474003C3E69 /* NSNumber+MagicalDataImport.m in Sources */ = {isa = PBXBuildFile; fileRef = 1F71B2D11B300474003C3E69 /* NSNumber+MagicalDataImport.m */; };
		1F71B30B1B300474003C3E69 /* NSObject+MagicalDataImport.m in Sources */ = {isa = PBXBuildFile; fileRef = 1F71B2D31B300474003C3E69 /* NSObject+MagicalDataImport.m */; };
		1F71B30C1B300474003C3E69 /* NSRelationshipDescription+MagicalDataImport.m in Sources */ = {isa = PBXBuildFile; fileRef = 1F71B2D51B300474003C3E69 /* NSRelationshipDescription+MagicalDataImport.m */; };
		1F71B30D1B300474003C3E69 /* NSString+MagicalDataImport.m in Sources */ = {isa = PBXBuildFile; fileRef = 1F71B2D71B300474003C3E69 /* NSString+MagicalDataImport.m */; };
		1F71B30E1B300474003C3E69 /* NSManagedObject+MagicalAggregation.m in Sources */ = {isa = PBXBuildFile; fileRef = 1F71B2DA1B300474003C3E69 /* NSManagedObject+MagicalAggregation.m */; };
		1F71B30F1B300474003C3E69 /* NSManagedObject+MagicalDataImport.m in Sources */ = {isa = PBXBuildFile; fileRef = 1F71B2DC1B300474003C3E69 /* NSManagedObject+MagicalDataImport.m */; };
		1F71B3101B300474003C3E69 /* NSManagedObject+MagicalFinders.m in Sources */ = {isa = PBXBuildFile; fileRef = 1F71B2DE1B300474003C3E69 /* NSManagedObject+MagicalFinders.m */; };
		1F71B3111B300474003C3E69 /* NSManagedObject+MagicalRecord.m in Sources */ = {isa = PBXBuildFile; fileRef = 1F71B2E01B300474003C3E69 /* NSManagedObject+MagicalRecord.m */; };
		1F71B3121B300474003C3E69 /* NSManagedObject+MagicalRequests.m in Sources */ = {isa = PBXBuildFile; fileRef = 1F71B2E21B300474003C3E69 /* NSManagedObject+MagicalRequests.m */; };
		1F71B3131B300474003C3E69 /* NSManagedObjectContext+MagicalChainSave.m in Sources */ = {isa = PBXBuildFile; fileRef = 1F71B2E51B300474003C3E69 /* NSManagedObjectContext+MagicalChainSave.m */; };
		1F71B3141B300474003C3E69 /* NSManagedObjectContext+MagicalObserving.m in Sources */ = {isa = PBXBuildFile; fileRef = 1F71B2E71B300474003C3E69 /* NSManagedObjectContext+MagicalObserving.m */; };
		1F71B3151B300474003C3E69 /* NSManagedObjectContext+MagicalRecord.m in Sources */ = {isa = PBXBuildFile; fileRef = 1F71B2E91B300474003C3E69 /* NSManagedObjectContext+MagicalRecord.m */; };
		1F71B3161B300474003C3E69 /* NSManagedObjectContext+MagicalSaves.m in Sources */ = {isa = PBXBuildFile; fileRef = 1F71B2EB1B300474003C3E69 /* NSManagedObjectContext+MagicalSaves.m */; };
		1F71B3171B300474003C3E69 /* NSManagedObjectContext+MagicalThreading.m in Sources */ = {isa = PBXBuildFile; fileRef = 1F71B2ED1B300474003C3E69 /* NSManagedObjectContext+MagicalThreading.m */; };
		1F71B3181B300474003C3E69 /* NSManagedObjectModel+MagicalRecord.m in Sources */ = {isa = PBXBuildFile; fileRef = 1F71B2EF1B300474003C3E69 /* NSManagedObjectModel+MagicalRecord.m */; };
		1F71B3191B300474003C3E69 /* NSPersistentStore+MagicalRecord.m in Sources */ = {isa = PBXBuildFile; fileRef = 1F71B2F11B300474003C3E69 /* NSPersistentStore+MagicalRecord.m */; };
		1F71B31A1B300474003C3E69 /* NSPersistentStoreCoordinator+MagicalRecord.m in Sources */ = {isa = PBXBuildFile; fileRef = 1F71B2F31B300474003C3E69 /* NSPersistentStoreCoordinator+MagicalRecord.m */; };
		1F71B31B1B300474003C3E69 /* MagicalRecord+Actions.m in Sources */ = {isa = PBXBuildFile; fileRef = 1F71B2F61B300474003C3E69 /* MagicalRecord+Actions.m */; };
		1F71B31C1B300474003C3E69 /* MagicalRecord+ErrorHandling.m in Sources */ = {isa = PBXBuildFile; fileRef = 1F71B2F81B300474003C3E69 /* MagicalRecord+ErrorHandling.m */; };
		1F71B31D1B300474003C3E69 /* MagicalRecord+iCloud.m in Sources */ = {isa = PBXBuildFile; fileRef = 1F71B2FA1B300474003C3E69 /* MagicalRecord+iCloud.m */; };
		1F71B31E1B300474003C3E69 /* MagicalRecord+Options.m in Sources */ = {isa = PBXBuildFile; fileRef = 1F71B2FC1B300474003C3E69 /* MagicalRecord+Options.m */; };
		1F71B31F1B300474003C3E69 /* MagicalRecord+Setup.m in Sources */ = {isa = PBXBuildFile; fileRef = 1F71B2FE1B300474003C3E69 /* MagicalRecord+Setup.m */; };
		1F71B3201B300474003C3E69 /* MagicalRecord+ShorthandMethods.m in Sources */ = {isa = PBXBuildFile; fileRef = 1F71B3001B300474003C3E69 /* MagicalRecord+ShorthandMethods.m */; };
		1F71B3211B300474003C3E69 /* MagicalRecordInternal.m in Sources */ = {isa = PBXBuildFile; fileRef = 1F71B3031B300474003C3E69 /* MagicalRecordInternal.m */; };
		1FEB9EA01AFCBE3300E242E2 /* main.m in Sources */ = {isa = PBXBuildFile; fileRef = 1FEB9E9F1AFCBE3300E242E2 /* main.m */; };
		1FEB9EA31AFCBE3300E242E2 /* AppDelegate.m in Sources */ = {isa = PBXBuildFile; fileRef = 1FEB9EA21AFCBE3300E242E2 /* AppDelegate.m */; };
		1FEB9EA61AFCBE3300E242E2 /* MagicalRecordTestDemo.xcdatamodeld in Sources */ = {isa = PBXBuildFile; fileRef = 1FEB9EA41AFCBE3300E242E2 /* MagicalRecordTestDemo.xcdatamodeld */; };
		1FEB9EA91AFCBE3300E242E2 /* ViewController.m in Sources */ = {isa = PBXBuildFile; fileRef = 1FEB9EA81AFCBE3300E242E2 /* ViewController.m */; };
		1FEB9EAC1AFCBE3300E242E2 /* Main.storyboard in Resources */ = {isa = PBXBuildFile; fileRef = 1FEB9EAA1AFCBE3300E242E2 /* Main.storyboard */; };
		1FEB9EAE1AFCBE3300E242E2 /* Images.xcassets in Resources */ = {isa = PBXBuildFile; fileRef = 1FEB9EAD1AFCBE3300E242E2 /* Images.xcassets */; };
		1FEB9EB11AFCBE3300E242E2 /* LaunchScreen.xib in Resources */ = {isa = PBXBuildFile; fileRef = 1FEB9EAF1AFCBE3300E242E2 /* LaunchScreen.xib */; };
		1FEB9EBD1AFCBE3300E242E2 /* MagicalRecordTestDemoTests.m in Sources */ = {isa = PBXBuildFile; fileRef = 1FEB9EBC1AFCBE3300E242E2 /* MagicalRecordTestDemoTests.m */; };
/* End PBXBuildFile section */

/* Begin PBXContainerItemProxy section */
		1FEB9EB71AFCBE3300E242E2 /* PBXContainerItemProxy */ = {
			isa = PBXContainerItemProxy;
			containerPortal = 1FEB9E921AFCBE3200E242E2 /* Project object */;
			proxyType = 1;
			remoteGlobalIDString = 1FEB9E991AFCBE3300E242E2;
			remoteInfo = MagicalRecordTestDemo;
		};
/* End PBXContainerItemProxy section */

/* Begin PBXFileReference section */
		1F2CB8731B2EC27800525894 /* TestObject.h */ = {isa = PBXFileReference; fileEncoding = 4; lastKnownFileType = sourcecode.c.h; path = TestObject.h; sourceTree = "<group>"; };
		1F2CB8741B2EC27800525894 /* TestObject.m */ = {isa = PBXFileReference; fileEncoding = 4; lastKnownFileType = sourcecode.c.objc; path = TestObject.m; sourceTree = "<group>"; };
		1F71B20D1B300187003C3E69 /* CoreData.framework */ = {isa = PBXFileReference; lastKnownFileType = wrapper.framework; name = CoreData.framework; path = System/Library/Frameworks/CoreData.framework; sourceTree = SDKROOT; };
		1F71B2C61B3003F2003C3E69 /* MagicalRecordTestDemo-Prefix.pch */ = {isa = PBXFileReference; fileEncoding = 4; lastKnownFileType = sourcecode.c.h; path = "MagicalRecordTestDemo-Prefix.pch"; sourceTree = "<group>"; };
		1F71B2CA1B300474003C3E69 /* MagicalImportFunctions.h */ = {isa = PBXFileReference; fileEncoding = 4; lastKnownFileType = sourcecode.c.h; path = MagicalImportFunctions.h; sourceTree = "<group>"; };
		1F71B2CB1B300474003C3E69 /* MagicalImportFunctions.m */ = {isa = PBXFileReference; fileEncoding = 4; lastKnownFileType = sourcecode.c.objc; path = MagicalImportFunctions.m; sourceTree = "<group>"; };
		1F71B2CC1B300474003C3E69 /* NSAttributeDescription+MagicalDataImport.h */ = {isa = PBXFileReference; fileEncoding = 4; lastKnownFileType = sourcecode.c.h; path = "NSAttributeDescription+MagicalDataImport.h"; sourceTree = "<group>"; };
		1F71B2CD1B300474003C3E69 /* NSAttributeDescription+MagicalDataImport.m */ = {isa = PBXFileReference; fileEncoding = 4; lastKnownFileType = sourcecode.c.objc; path = "NSAttributeDescription+MagicalDataImport.m"; sourceTree = "<group>"; };
		1F71B2CE1B300474003C3E69 /* NSEntityDescription+MagicalDataImport.h */ = {isa = PBXFileReference; fileEncoding = 4; lastKnownFileType = sourcecode.c.h; path = "NSEntityDescription+MagicalDataImport.h"; sourceTree = "<group>"; };
		1F71B2CF1B300474003C3E69 /* NSEntityDescription+MagicalDataImport.m */ = {isa = PBXFileReference; fileEncoding = 4; lastKnownFileType = sourcecode.c.objc; path = "NSEntityDescription+MagicalDataImport.m"; sourceTree = "<group>"; };
		1F71B2D01B300474003C3E69 /* NSNumber+MagicalDataImport.h */ = {isa = PBXFileReference; fileEncoding = 4; lastKnownFileType = sourcecode.c.h; path = "NSNumber+MagicalDataImport.h"; sourceTree = "<group>"; };
		1F71B2D11B300474003C3E69 /* NSNumber+MagicalDataImport.m */ = {isa = PBXFileReference; fileEncoding = 4; lastKnownFileType = sourcecode.c.objc; path = "NSNumber+MagicalDataImport.m"; sourceTree = "<group>"; };
		1F71B2D21B300474003C3E69 /* NSObject+MagicalDataImport.h */ = {isa = PBXFileReference; fileEncoding = 4; lastKnownFileType = sourcecode.c.h; path = "NSObject+MagicalDataImport.h"; sourceTree = "<group>"; };
		1F71B2D31B300474003C3E69 /* NSObject+MagicalDataImport.m */ = {isa = PBXFileReference; fileEncoding = 4; lastKnownFileType = sourcecode.c.objc; path = "NSObject+MagicalDataImport.m"; sourceTree = "<group>"; };
		1F71B2D41B300474003C3E69 /* NSRelationshipDescription+MagicalDataImport.h */ = {isa = PBXFileReference; fileEncoding = 4; lastKnownFileType = sourcecode.c.h; path = "NSRelationshipDescription+MagicalDataImport.h"; sourceTree = "<group>"; };
		1F71B2D51B300474003C3E69 /* NSRelationshipDescription+MagicalDataImport.m */ = {isa = PBXFileReference; fileEncoding = 4; lastKnownFileType = sourcecode.c.objc; path = "NSRelationshipDescription+MagicalDataImport.m"; sourceTree = "<group>"; };
		1F71B2D61B300474003C3E69 /* NSString+MagicalDataImport.h */ = {isa = PBXFileReference; fileEncoding = 4; lastKnownFileType = sourcecode.c.h; path = "NSString+MagicalDataImport.h"; sourceTree = "<group>"; };
		1F71B2D71B300474003C3E69 /* NSString+MagicalDataImport.m */ = {isa = PBXFileReference; fileEncoding = 4; lastKnownFileType = sourcecode.c.objc; path = "NSString+MagicalDataImport.m"; sourceTree = "<group>"; };
		1F71B2D91B300474003C3E69 /* NSManagedObject+MagicalAggregation.h */ = {isa = PBXFileReference; fileEncoding = 4; lastKnownFileType = sourcecode.c.h; path = "NSManagedObject+MagicalAggregation.h"; sourceTree = "<group>"; };
		1F71B2DA1B300474003C3E69 /* NSManagedObject+MagicalAggregation.m */ = {isa = PBXFileReference; fileEncoding = 4; lastKnownFileType = sourcecode.c.objc; path = "NSManagedObject+MagicalAggregation.m"; sourceTree = "<group>"; };
		1F71B2DB1B300474003C3E69 /* NSManagedObject+MagicalDataImport.h */ = {isa = PBXFileReference; fileEncoding = 4; lastKnownFileType = sourcecode.c.h; path = "NSManagedObject+MagicalDataImport.h"; sourceTree = "<group>"; };
		1F71B2DC1B300474003C3E69 /* NSManagedObject+MagicalDataImport.m */ = {isa = PBXFileReference; fileEncoding = 4; lastKnownFileType = sourcecode.c.objc; path = "NSManagedObject+MagicalDataImport.m"; sourceTree = "<group>"; };
		1F71B2DD1B300474003C3E69 /* NSManagedObject+MagicalFinders.h */ = {isa = PBXFileReference; fileEncoding = 4; lastKnownFileType = sourcecode.c.h; path = "NSManagedObject+MagicalFinders.h"; sourceTree = "<group>"; };
		1F71B2DE1B300474003C3E69 /* NSManagedObject+MagicalFinders.m */ = {isa = PBXFileReference; fileEncoding = 4; lastKnownFileType = sourcecode.c.objc; path = "NSManagedObject+MagicalFinders.m"; sourceTree = "<group>"; };
		1F71B2DF1B300474003C3E69 /* NSManagedObject+MagicalRecord.h */ = {isa = PBXFileReference; fileEncoding = 4; lastKnownFileType = sourcecode.c.h; path = "NSManagedObject+MagicalRecord.h"; sourceTree = "<group>"; };
		1F71B2E01B300474003C3E69 /* NSManagedObject+MagicalRecord.m */ = {isa = PBXFileReference; fileEncoding = 4; lastKnownFileType = sourcecode.c.objc; path = "NSManagedObject+MagicalRecord.m"; sourceTree = "<group>"; };
		1F71B2E11B300474003C3E69 /* NSManagedObject+MagicalRequests.h */ = {isa = PBXFileReference; fileEncoding = 4; lastKnownFileType = sourcecode.c.h; path = "NSManagedObject+MagicalRequests.h"; sourceTree = "<group>"; };
		1F71B2E21B300474003C3E69 /* NSManagedObject+MagicalRequests.m */ = {isa = PBXFileReference; fileEncoding = 4; lastKnownFileType = sourcecode.c.objc; path = "NSManagedObject+MagicalRequests.m"; sourceTree = "<group>"; };
		1F71B2E41B300474003C3E69 /* NSManagedObjectContext+MagicalChainSave.h */ = {isa = PBXFileReference; fileEncoding = 4; lastKnownFileType = sourcecode.c.h; path = "NSManagedObjectContext+MagicalChainSave.h"; sourceTree = "<group>"; };
		1F71B2E51B300474003C3E69 /* NSManagedObjectContext+MagicalChainSave.m */ = {isa = PBXFileReference; fileEncoding = 4; lastKnownFileType = sourcecode.c.objc; path = "NSManagedObjectContext+MagicalChainSave.m"; sourceTree = "<group>"; };
		1F71B2E61B300474003C3E69 /* NSManagedObjectContext+MagicalObserving.h */ = {isa = PBXFileReference; fileEncoding = 4; lastKnownFileType = sourcecode.c.h; path = "NSManagedObjectContext+MagicalObserving.h"; sourceTree = "<group>"; };
		1F71B2E71B300474003C3E69 /* NSManagedObjectContext+MagicalObserving.m */ = {isa = PBXFileReference; fileEncoding = 4; lastKnownFileType = sourcecode.c.objc; path = "NSManagedObjectContext+MagicalObserving.m"; sourceTree = "<group>"; };
		1F71B2E81B300474003C3E69 /* NSManagedObjectContext+MagicalRecord.h */ = {isa = PBXFileReference; fileEncoding = 4; lastKnownFileType = sourcecode.c.h; path = "NSManagedObjectContext+MagicalRecord.h"; sourceTree = "<group>"; };
		1F71B2E91B300474003C3E69 /* NSManagedObjectContext+MagicalRecord.m */ = {isa = PBXFileReference; fileEncoding = 4; lastKnownFileType = sourcecode.c.objc; path = "NSManagedObjectContext+MagicalRecord.m"; sourceTree = "<group>"; };
		1F71B2EA1B300474003C3E69 /* NSManagedObjectContext+MagicalSaves.h */ = {isa = PBXFileReference; fileEncoding = 4; lastKnownFileType = sourcecode.c.h; path = "NSManagedObjectContext+MagicalSaves.h"; sourceTree = "<group>"; };
		1F71B2EB1B300474003C3E69 /* NSManagedObjectContext+MagicalSaves.m */ = {isa = PBXFileReference; fileEncoding = 4; lastKnownFileType = sourcecode.c.objc; path = "NSManagedObjectContext+MagicalSaves.m"; sourceTree = "<group>"; };
		1F71B2EC1B300474003C3E69 /* NSManagedObjectContext+MagicalThreading.h */ = {isa = PBXFileReference; fileEncoding = 4; lastKnownFileType = sourcecode.c.h; path = "NSManagedObjectContext+MagicalThreading.h"; sourceTree = "<group>"; };
		1F71B2ED1B300474003C3E69 /* NSManagedObjectContext+MagicalThreading.m */ = {isa = PBXFileReference; fileEncoding = 4; lastKnownFileType = sourcecode.c.objc; path = "NSManagedObjectContext+MagicalThreading.m"; sourceTree = "<group>"; };
		1F71B2EE1B300474003C3E69 /* NSManagedObjectModel+MagicalRecord.h */ = {isa = PBXFileReference; fileEncoding = 4; lastKnownFileType = sourcecode.c.h; path = "NSManagedObjectModel+MagicalRecord.h"; sourceTree = "<group>"; };
		1F71B2EF1B300474003C3E69 /* NSManagedObjectModel+MagicalRecord.m */ = {isa = PBXFileReference; fileEncoding = 4; lastKnownFileType = sourcecode.c.objc; path = "NSManagedObjectModel+MagicalRecord.m"; sourceTree = "<group>"; };
		1F71B2F01B300474003C3E69 /* NSPersistentStore+MagicalRecord.h */ = {isa = PBXFileReference; fileEncoding = 4; lastKnownFileType = sourcecode.c.h; path = "NSPersistentStore+MagicalRecord.h"; sourceTree = "<group>"; };
		1F71B2F11B300474003C3E69 /* NSPersistentStore+MagicalRecord.m */ = {isa = PBXFileReference; fileEncoding = 4; lastKnownFileType = sourcecode.c.objc; path = "NSPersistentStore+MagicalRecord.m"; sourceTree = "<group>"; };
		1F71B2F21B300474003C3E69 /* NSPersistentStoreCoordinator+MagicalRecord.h */ = {isa = PBXFileReference; fileEncoding = 4; lastKnownFileType = sourcecode.c.h; path = "NSPersistentStoreCoordinator+MagicalRecord.h"; sourceTree = "<group>"; };
		1F71B2F31B300474003C3E69 /* NSPersistentStoreCoordinator+MagicalRecord.m */ = {isa = PBXFileReference; fileEncoding = 4; lastKnownFileType = sourcecode.c.objc; path = "NSPersistentStoreCoordinator+MagicalRecord.m"; sourceTree = "<group>"; };
		1F71B2F51B300474003C3E69 /* MagicalRecord+Actions.h */ = {isa = PBXFileReference; fileEncoding = 4; lastKnownFileType = sourcecode.c.h; path = "MagicalRecord+Actions.h"; sourceTree = "<group>"; };
		1F71B2F61B300474003C3E69 /* MagicalRecord+Actions.m */ = {isa = PBXFileReference; fileEncoding = 4; lastKnownFileType = sourcecode.c.objc; path = "MagicalRecord+Actions.m"; sourceTree = "<group>"; };
		1F71B2F71B300474003C3E69 /* MagicalRecord+ErrorHandling.h */ = {isa = PBXFileReference; fileEncoding = 4; lastKnownFileType = sourcecode.c.h; path = "MagicalRecord+ErrorHandling.h"; sourceTree = "<group>"; };
		1F71B2F81B300474003C3E69 /* MagicalRecord+ErrorHandling.m */ = {isa = PBXFileReference; fileEncoding = 4; lastKnownFileType = sourcecode.c.objc; path = "MagicalRecord+ErrorHandling.m"; sourceTree = "<group>"; };
		1F71B2F91B300474003C3E69 /* MagicalRecord+iCloud.h */ = {isa = PBXFileReference; fileEncoding = 4; lastKnownFileType = sourcecode.c.h; path = "MagicalRecord+iCloud.h"; sourceTree = "<group>"; };
		1F71B2FA1B300474003C3E69 /* MagicalRecord+iCloud.m */ = {isa = PBXFileReference; fileEncoding = 4; lastKnownFileType = sourcecode.c.objc; path = "MagicalRecord+iCloud.m"; sourceTree = "<group>"; };
		1F71B2FB1B300474003C3E69 /* MagicalRecord+Options.h */ = {isa = PBXFileReference; fileEncoding = 4; lastKnownFileType = sourcecode.c.h; path = "MagicalRecord+Options.h"; sourceTree = "<group>"; };
		1F71B2FC1B300474003C3E69 /* MagicalRecord+Options.m */ = {isa = PBXFileReference; fileEncoding = 4; lastKnownFileType = sourcecode.c.objc; path = "MagicalRecord+Options.m"; sourceTree = "<group>"; };
		1F71B2FD1B300474003C3E69 /* MagicalRecord+Setup.h */ = {isa = PBXFileReference; fileEncoding = 4; lastKnownFileType = sourcecode.c.h; path = "MagicalRecord+Setup.h"; sourceTree = "<group>"; };
		1F71B2FE1B300474003C3E69 /* MagicalRecord+Setup.m */ = {isa = PBXFileReference; fileEncoding = 4; lastKnownFileType = sourcecode.c.objc; path = "MagicalRecord+Setup.m"; sourceTree = "<group>"; };
		1F71B2FF1B300474003C3E69 /* MagicalRecord+ShorthandMethods.h */ = {isa = PBXFileReference; fileEncoding = 4; lastKnownFileType = sourcecode.c.h; path = "MagicalRecord+ShorthandMethods.h"; sourceTree = "<group>"; };
		1F71B3001B300474003C3E69 /* MagicalRecord+ShorthandMethods.m */ = {isa = PBXFileReference; fileEncoding = 4; lastKnownFileType = sourcecode.c.objc; path = "MagicalRecord+ShorthandMethods.m"; sourceTree = "<group>"; };
		1F71B3011B300474003C3E69 /* MagicalRecordDeprecationMacros.h */ = {isa = PBXFileReference; fileEncoding = 4; lastKnownFileType = sourcecode.c.h; path = MagicalRecordDeprecationMacros.h; sourceTree = "<group>"; };
		1F71B3021B300474003C3E69 /* MagicalRecordInternal.h */ = {isa = PBXFileReference; fileEncoding = 4; lastKnownFileType = sourcecode.c.h; path = MagicalRecordInternal.h; sourceTree = "<group>"; };
		1F71B3031B300474003C3E69 /* MagicalRecordInternal.m */ = {isa = PBXFileReference; fileEncoding = 4; lastKnownFileType = sourcecode.c.objc; path = MagicalRecordInternal.m; sourceTree = "<group>"; };
		1F71B3041B300474003C3E69 /* MagicalRecordLogging.h */ = {isa = PBXFileReference; fileEncoding = 4; lastKnownFileType = sourcecode.c.h; path = MagicalRecordLogging.h; sourceTree = "<group>"; };
		1F71B3051B300474003C3E69 /* MagicalRecordShorthandMethodAliases.h */ = {isa = PBXFileReference; fileEncoding = 4; lastKnownFileType = sourcecode.c.h; path = MagicalRecordShorthandMethodAliases.h; sourceTree = "<group>"; };
		1F71B3061B300474003C3E69 /* MagicalRecord.h */ = {isa = PBXFileReference; fileEncoding = 4; lastKnownFileType = sourcecode.c.h; path = MagicalRecord.h; sourceTree = "<group>"; };
		1FEB9E9A1AFCBE3300E242E2 /* MagicalRecordTestDemo.app */ = {isa = PBXFileReference; explicitFileType = wrapper.application; includeInIndex = 0; path = MagicalRecordTestDemo.app; sourceTree = BUILT_PRODUCTS_DIR; };
		1FEB9E9E1AFCBE3300E242E2 /* Info.plist */ = {isa = PBXFileReference; lastKnownFileType = text.plist.xml; path = Info.plist; sourceTree = "<group>"; };
		1FEB9E9F1AFCBE3300E242E2 /* main.m */ = {isa = PBXFileReference; lastKnownFileType = sourcecode.c.objc; path = main.m; sourceTree = "<group>"; };
		1FEB9EA11AFCBE3300E242E2 /* AppDelegate.h */ = {isa = PBXFileReference; lastKnownFileType = sourcecode.c.h; path = AppDelegate.h; sourceTree = "<group>"; };
		1FEB9EA21AFCBE3300E242E2 /* AppDelegate.m */ = {isa = PBXFileReference; lastKnownFileType = sourcecode.c.objc; path = AppDelegate.m; sourceTree = "<group>"; };
		1FEB9EA51AFCBE3300E242E2 /* MagicalRecordTestDemo.xcdatamodel */ = {isa = PBXFileReference; lastKnownFileType = wrapper.xcdatamodel; path = MagicalRecordTestDemo.xcdatamodel; sourceTree = "<group>"; };
		1FEB9EA71AFCBE3300E242E2 /* ViewController.h */ = {isa = PBXFileReference; lastKnownFileType = sourcecode.c.h; path = ViewController.h; sourceTree = "<group>"; };
		1FEB9EA81AFCBE3300E242E2 /* ViewController.m */ = {isa = PBXFileReference; lastKnownFileType = sourcecode.c.objc; path = ViewController.m; sourceTree = "<group>"; };
		1FEB9EAB1AFCBE3300E242E2 /* Base */ = {isa = PBXFileReference; lastKnownFileType = file.storyboard; name = Base; path = Base.lproj/Main.storyboard; sourceTree = "<group>"; };
		1FEB9EAD1AFCBE3300E242E2 /* Images.xcassets */ = {isa = PBXFileReference; lastKnownFileType = folder.assetcatalog; path = Images.xcassets; sourceTree = "<group>"; };
		1FEB9EB01AFCBE3300E242E2 /* Base */ = {isa = PBXFileReference; lastKnownFileType = file.xib; name = Base; path = Base.lproj/LaunchScreen.xib; sourceTree = "<group>"; };
		1FEB9EB61AFCBE3300E242E2 /* MagicalRecordTestDemoTests.xctest */ = {isa = PBXFileReference; explicitFileType = wrapper.cfbundle; includeInIndex = 0; path = MagicalRecordTestDemoTests.xctest; sourceTree = BUILT_PRODUCTS_DIR; };
		1FEB9EBB1AFCBE3300E242E2 /* Info.plist */ = {isa = PBXFileReference; lastKnownFileType = text.plist.xml; path = Info.plist; sourceTree = "<group>"; };
		1FEB9EBC1AFCBE3300E242E2 /* MagicalRecordTestDemoTests.m */ = {isa = PBXFileReference; lastKnownFileType = sourcecode.c.objc; path = MagicalRecordTestDemoTests.m; sourceTree = "<group>"; };
/* End PBXFileReference section */

/* Begin PBXFrameworksBuildPhase section */
		1FEB9E971AFCBE3300E242E2 /* Frameworks */ = {
			isa = PBXFrameworksBuildPhase;
			buildActionMask = 2147483647;
			files = (
				1F71B20E1B300187003C3E69 /* CoreData.framework in Frameworks */,
			);
			runOnlyForDeploymentPostprocessing = 0;
		};
		1FEB9EB31AFCBE3300E242E2 /* Frameworks */ = {
			isa = PBXFrameworksBuildPhase;
			buildActionMask = 2147483647;
			files = (
			);
			runOnlyForDeploymentPostprocessing = 0;
		};
/* End PBXFrameworksBuildPhase section */

/* Begin PBXGroup section */
		1F71B20C1B300179003C3E69 /* Frameworks */ = {
			isa = PBXGroup;
			children = (
				1F71B20D1B300187003C3E69 /* CoreData.framework */,
			);
			name = Frameworks;
			sourceTree = "<group>";
		};
		1F71B20F1B300298003C3E69 /* Vendors */ = {
			isa = PBXGroup;
			children = (
				1F71B2C71B300474003C3E69 /* MagicalRecord */,
			);
			path = Vendors;
			sourceTree = "<group>";
		};
		1F71B2C71B300474003C3E69 /* MagicalRecord */ = {
			isa = PBXGroup;
			children = (
				1F71B2C81B300474003C3E69 /* Categories */,
				1F71B2F41B300474003C3E69 /* Core */,
				1F71B3061B300474003C3E69 /* MagicalRecord.h */,
			);
			path = MagicalRecord;
			sourceTree = "<group>";
		};
		1F71B2C81B300474003C3E69 /* Categories */ = {
			isa = PBXGroup;
			children = (
				1F71B2C91B300474003C3E69 /* DataImport */,
				1F71B2D81B300474003C3E69 /* NSManagedObject */,
				1F71B2E31B300474003C3E69 /* NSManagedObjectContext */,
				1F71B2EE1B300474003C3E69 /* NSManagedObjectModel+MagicalRecord.h */,
				1F71B2EF1B300474003C3E69 /* NSManagedObjectModel+MagicalRecord.m */,
				1F71B2F01B300474003C3E69 /* NSPersistentStore+MagicalRecord.h */,
				1F71B2F11B300474003C3E69 /* NSPersistentStore+MagicalRecord.m */,
				1F71B2F21B300474003C3E69 /* NSPersistentStoreCoordinator+MagicalRecord.h */,
				1F71B2F31B300474003C3E69 /* NSPersistentStoreCoordinator+MagicalRecord.m */,
			);
			path = Categories;
			sourceTree = "<group>";
		};
		1F71B2C91B300474003C3E69 /* DataImport */ = {
			isa = PBXGroup;
			children = (
				1F71B2CA1B300474003C3E69 /* MagicalImportFunctions.h */,
				1F71B2CB1B300474003C3E69 /* MagicalImportFunctions.m */,
				1F71B2CC1B300474003C3E69 /* NSAttributeDescription+MagicalDataImport.h */,
				1F71B2CD1B300474003C3E69 /* NSAttributeDescription+MagicalDataImport.m */,
				1F71B2CE1B300474003C3E69 /* NSEntityDescription+MagicalDataImport.h */,
				1F71B2CF1B300474003C3E69 /* NSEntityDescription+MagicalDataImport.m */,
				1F71B2D01B300474003C3E69 /* NSNumber+MagicalDataImport.h */,
				1F71B2D11B300474003C3E69 /* NSNumber+MagicalDataImport.m */,
				1F71B2D21B300474003C3E69 /* NSObject+MagicalDataImport.h */,
				1F71B2D31B300474003C3E69 /* NSObject+MagicalDataImport.m */,
				1F71B2D41B300474003C3E69 /* NSRelationshipDescription+MagicalDataImport.h */,
				1F71B2D51B300474003C3E69 /* NSRelationshipDescription+MagicalDataImport.m */,
				1F71B2D61B300474003C3E69 /* NSString+MagicalDataImport.h */,
				1F71B2D71B300474003C3E69 /* NSString+MagicalDataImport.m */,
			);
			path = DataImport;
			sourceTree = "<group>";
		};
		1F71B2D81B300474003C3E69 /* NSManagedObject */ = {
			isa = PBXGroup;
			children = (
				1F71B2D91B300474003C3E69 /* NSManagedObject+MagicalAggregation.h */,
				1F71B2DA1B300474003C3E69 /* NSManagedObject+MagicalAggregation.m */,
				1F71B2DB1B300474003C3E69 /* NSManagedObject+MagicalDataImport.h */,
				1F71B2DC1B300474003C3E69 /* NSManagedObject+MagicalDataImport.m */,
				1F71B2DD1B300474003C3E69 /* NSManagedObject+MagicalFinders.h */,
				1F71B2DE1B300474003C3E69 /* NSManagedObject+MagicalFinders.m */,
				1F71B2DF1B300474003C3E69 /* NSManagedObject+MagicalRecord.h */,
				1F71B2E01B300474003C3E69 /* NSManagedObject+MagicalRecord.m */,
				1F71B2E11B300474003C3E69 /* NSManagedObject+MagicalRequests.h */,
				1F71B2E21B300474003C3E69 /* NSManagedObject+MagicalRequests.m */,
			);
			path = NSManagedObject;
			sourceTree = "<group>";
		};
		1F71B2E31B300474003C3E69 /* NSManagedObjectContext */ = {
			isa = PBXGroup;
			children = (
				1F71B2E41B300474003C3E69 /* NSManagedObjectContext+MagicalChainSave.h */,
				1F71B2E51B300474003C3E69 /* NSManagedObjectContext+MagicalChainSave.m */,
				1F71B2E61B300474003C3E69 /* NSManagedObjectContext+MagicalObserving.h */,
				1F71B2E71B300474003C3E69 /* NSManagedObjectContext+MagicalObserving.m */,
				1F71B2E81B300474003C3E69 /* NSManagedObjectContext+MagicalRecord.h */,
				1F71B2E91B300474003C3E69 /* NSManagedObjectContext+MagicalRecord.m */,
				1F71B2EA1B300474003C3E69 /* NSManagedObjectContext+MagicalSaves.h */,
				1F71B2EB1B300474003C3E69 /* NSManagedObjectContext+MagicalSaves.m */,
				1F71B2EC1B300474003C3E69 /* NSManagedObjectContext+MagicalThreading.h */,
				1F71B2ED1B300474003C3E69 /* NSManagedObjectContext+MagicalThreading.m */,
			);
			path = NSManagedObjectContext;
			sourceTree = "<group>";
		};
		1F71B2F41B300474003C3E69 /* Core */ = {
			isa = PBXGroup;
			children = (
				1F71B2F51B300474003C3E69 /* MagicalRecord+Actions.h */,
				1F71B2F61B300474003C3E69 /* MagicalRecord+Actions.m */,
				1F71B2F71B300474003C3E69 /* MagicalRecord+ErrorHandling.h */,
				1F71B2F81B300474003C3E69 /* MagicalRecord+ErrorHandling.m */,
				1F71B2F91B300474003C3E69 /* MagicalRecord+iCloud.h */,
				1F71B2FA1B300474003C3E69 /* MagicalRecord+iCloud.m */,
				1F71B2FB1B300474003C3E69 /* MagicalRecord+Options.h */,
				1F71B2FC1B300474003C3E69 /* MagicalRecord+Options.m */,
				1F71B2FD1B300474003C3E69 /* MagicalRecord+Setup.h */,
				1F71B2FE1B300474003C3E69 /* MagicalRecord+Setup.m */,
				1F71B2FF1B300474003C3E69 /* MagicalRecord+ShorthandMethods.h */,
				1F71B3001B300474003C3E69 /* MagicalRecord+ShorthandMethods.m */,
				1F71B3011B300474003C3E69 /* MagicalRecordDeprecationMacros.h */,
				1F71B3021B300474003C3E69 /* MagicalRecordInternal.h */,
				1F71B3031B300474003C3E69 /* MagicalRecordInternal.m */,
				1F71B3041B300474003C3E69 /* MagicalRecordLogging.h */,
				1F71B3051B300474003C3E69 /* MagicalRecordShorthandMethodAliases.h */,
			);
			path = Core;
			sourceTree = "<group>";
		};
		1FEB9E911AFCBE3200E242E2 = {
			isa = PBXGroup;
			children = (
				1FEB9E9C1AFCBE3300E242E2 /* MagicalRecordTestDemo */,
				1F71B20C1B300179003C3E69 /* Frameworks */,
				1FEB9EB91AFCBE3300E242E2 /* MagicalRecordTestDemoTests */,
				1FEB9E9B1AFCBE3300E242E2 /* Products */,
			);
			sourceTree = "<group>";
		};
		1FEB9E9B1AFCBE3300E242E2 /* Products */ = {
			isa = PBXGroup;
			children = (
				1FEB9E9A1AFCBE3300E242E2 /* MagicalRecordTestDemo.app */,
				1FEB9EB61AFCBE3300E242E2 /* MagicalRecordTestDemoTests.xctest */,
			);
			name = Products;
			sourceTree = "<group>";
		};
		1FEB9E9C1AFCBE3300E242E2 /* MagicalRecordTestDemo */ = {
			isa = PBXGroup;
			children = (
				1F71B20F1B300298003C3E69 /* Vendors */,
				1FEB9EA11AFCBE3300E242E2 /* AppDelegate.h */,
				1FEB9EA21AFCBE3300E242E2 /* AppDelegate.m */,
				1FEB9EA71AFCBE3300E242E2 /* ViewController.h */,
				1FEB9EA81AFCBE3300E242E2 /* ViewController.m */,
				1F2CB8731B2EC27800525894 /* TestObject.h */,
				1F2CB8741B2EC27800525894 /* TestObject.m */,
				1FEB9EAA1AFCBE3300E242E2 /* Main.storyboard */,
				1FEB9EAD1AFCBE3300E242E2 /* Images.xcassets */,
				1FEB9EAF1AFCBE3300E242E2 /* LaunchScreen.xib */,
				1FEB9EA41AFCBE3300E242E2 /* MagicalRecordTestDemo.xcdatamodeld */,
				1FEB9E9D1AFCBE3300E242E2 /* Supporting Files */,
			);
			path = MagicalRecordTestDemo;
			sourceTree = "<group>";
		};
		1FEB9E9D1AFCBE3300E242E2 /* Supporting Files */ = {
			isa = PBXGroup;
			children = (
				1FEB9E9E1AFCBE3300E242E2 /* Info.plist */,
				1FEB9E9F1AFCBE3300E242E2 /* main.m */,
				1F71B2C61B3003F2003C3E69 /* MagicalRecordTestDemo-Prefix.pch */,
			);
			name = "Supporting Files";
			sourceTree = "<group>";
		};
		1FEB9EB91AFCBE3300E242E2 /* MagicalRecordTestDemoTests */ = {
			isa = PBXGroup;
			children = (
				1FEB9EBC1AFCBE3300E242E2 /* MagicalRecordTestDemoTests.m */,
				1FEB9EBA1AFCBE3300E242E2 /* Supporting Files */,
			);
			path = MagicalRecordTestDemoTests;
			sourceTree = "<group>";
		};
		1FEB9EBA1AFCBE3300E242E2 /* Supporting Files */ = {
			isa = PBXGroup;
			children = (
				1FEB9EBB1AFCBE3300E242E2 /* Info.plist */,
			);
			name = "Supporting Files";
			sourceTree = "<group>";
		};
/* End PBXGroup section */

/* Begin PBXNativeTarget section */
		1FEB9E991AFCBE3300E242E2 /* MagicalRecordTestDemo */ = {
			isa = PBXNativeTarget;
			buildConfigurationList = 1FEB9EC01AFCBE3300E242E2 /* Build configuration list for PBXNativeTarget "MagicalRecordTestDemo" */;
			buildPhases = (
				1FEB9E961AFCBE3300E242E2 /* Sources */,
				1FEB9E971AFCBE3300E242E2 /* Frameworks */,
				1FEB9E981AFCBE3300E242E2 /* Resources */,
			);
			buildRules = (
			);
			dependencies = (
			);
			name = MagicalRecordTestDemo;
			productName = MagicalRecordTestDemo;
			productReference = 1FEB9E9A1AFCBE3300E242E2 /* MagicalRecordTestDemo.app */;
			productType = "com.apple.product-type.application";
		};
		1FEB9EB51AFCBE3300E242E2 /* MagicalRecordTestDemoTests */ = {
			isa = PBXNativeTarget;
			buildConfigurationList = 1FEB9EC31AFCBE3300E242E2 /* Build configuration list for PBXNativeTarget "MagicalRecordTestDemoTests" */;
			buildPhases = (
				1FEB9EB21AFCBE3300E242E2 /* Sources */,
				1FEB9EB31AFCBE3300E242E2 /* Frameworks */,
				1FEB9EB41AFCBE3300E242E2 /* Resources */,
			);
			buildRules = (
			);
			dependencies = (
				1FEB9EB81AFCBE3300E242E2 /* PBXTargetDependency */,
			);
			name = MagicalRecordTestDemoTests;
			productName = MagicalRecordTestDemoTests;
			productReference = 1FEB9EB61AFCBE3300E242E2 /* MagicalRecordTestDemoTests.xctest */;
			productType = "com.apple.product-type.bundle.unit-test";
		};
/* End PBXNativeTarget section */

/* Begin PBXProject section */
		1FEB9E921AFCBE3200E242E2 /* Project object */ = {
			isa = PBXProject;
			attributes = {
				LastUpgradeCheck = 0630;
				ORGANIZATIONNAME = "Su XinDe";
				TargetAttributes = {
					1FEB9E991AFCBE3300E242E2 = {
						CreatedOnToolsVersion = 6.3.1;
					};
					1FEB9EB51AFCBE3300E242E2 = {
						CreatedOnToolsVersion = 6.3.1;
						TestTargetID = 1FEB9E991AFCBE3300E242E2;
					};
				};
			};
			buildConfigurationList = 1FEB9E951AFCBE3200E242E2 /* Build configuration list for PBXProject "MagicalRecordTestDemo" */;
			compatibilityVersion = "Xcode 3.2";
			developmentRegion = English;
			hasScannedForEncodings = 0;
			knownRegions = (
				en,
				Base,
			);
			mainGroup = 1FEB9E911AFCBE3200E242E2;
			productRefGroup = 1FEB9E9B1AFCBE3300E242E2 /* Products */;
			projectDirPath = "";
			projectRoot = "";
			targets = (
				1FEB9E991AFCBE3300E242E2 /* MagicalRecordTestDemo */,
				1FEB9EB51AFCBE3300E242E2 /* MagicalRecordTestDemoTests */,
			);
		};
/* End PBXProject section */

/* Begin PBXResourcesBuildPhase section */
		1FEB9E981AFCBE3300E242E2 /* Resources */ = {
			isa = PBXResourcesBuildPhase;
			buildActionMask = 2147483647;
			files = (
				1FEB9EAC1AFCBE3300E242E2 /* Main.storyboard in Resources */,
				1FEB9EB11AFCBE3300E242E2 /* LaunchScreen.xib in Resources */,
				1FEB9EAE1AFCBE3300E242E2 /* Images.xcassets in Resources */,
			);
			runOnlyForDeploymentPostprocessing = 0;
		};
		1FEB9EB41AFCBE3300E242E2 /* Resources */ = {
			isa = PBXResourcesBuildPhase;
			buildActionMask = 2147483647;
			files = (
			);
			runOnlyForDeploymentPostprocessing = 0;
		};
/* End PBXResourcesBuildPhase section */

/* Begin PBXSourcesBuildPhase section */
		1FEB9E961AFCBE3300E242E2 /* Sources */ = {
			isa = PBXSourcesBuildPhase;
			buildActionMask = 2147483647;
			files = (
				1FEB9EA61AFCBE3300E242E2 /* MagicalRecordTestDemo.xcdatamodeld in Sources */,
				1FEB9EA31AFCBE3300E242E2 /* AppDelegate.m in Sources */,
				1F71B30A1B300474003C3E69 /* NSNumber+MagicalDataImport.m in Sources */,
				1F71B3161B300474003C3E69 /* NSManagedObjectContext+MagicalSaves.m in Sources */,
				1F71B3151B300474003C3E69 /* NSManagedObjectContext+MagicalRecord.m in Sources */,
				1F71B31D1B300474003C3E69 /* MagicalRecord+iCloud.m in Sources */,
				1F71B31B1B300474003C3E69 /* MagicalRecord+Actions.m in Sources */,
				1F71B30C1B300474003C3E69 /* NSRelationshipDescription+MagicalDataImport.m in Sources */,
				1F71B3091B300474003C3E69 /* NSEntityDescription+MagicalDataImport.m in Sources */,
				1F71B31F1B300474003C3E69 /* MagicalRecord+Setup.m in Sources */,
				1F71B3121B300474003C3E69 /* NSManagedObject+MagicalRequests.m in Sources */,
				1F71B30D1B300474003C3E69 /* NSString+MagicalDataImport.m in Sources */,
				1F71B3201B300474003C3E69 /* MagicalRecord+ShorthandMethods.m in Sources */,
				1F71B3171B300474003C3E69 /* NSManagedObjectContext+MagicalThreading.m in Sources */,
				1F2CB8751B2EC27800525894 /* TestObject.m in Sources */,
				1F71B3111B300474003C3E69 /* NSManagedObject+MagicalRecord.m in Sources */,
				1F71B3181B300474003C3E69 /* NSManagedObjectModel+MagicalRecord.m in Sources */,
				1FEB9EA91AFCBE3300E242E2 /* ViewController.m in Sources */,
				1FEB9EA01AFCBE3300E242E2 /* main.m in Sources */,
				1F71B3071B300474003C3E69 /* MagicalImportFunctions.m in Sources */,
				1F71B3081B300474003C3E69 /* NSAttributeDescription+MagicalDataImport.m in Sources */,
				1F71B31E1B300474003C3E69 /* MagicalRecord+Options.m in Sources */,
				1F71B3191B300474003C3E69 /* NSPersistentStore+MagicalRecord.m in Sources */,
				1F71B30F1B300474003C3E69 /* NSManagedObject+MagicalDataImport.m in Sources */,
				1F71B31A1B300474003C3E69 /* NSPersistentStoreCoordinator+MagicalRecord.m in Sources */,
				1F71B30E1B300474003C3E69 /* NSManagedObject+MagicalAggregation.m in Sources */,
				1F71B3101B300474003C3E69 /* NSManagedObject+MagicalFinders.m in Sources */,
				1F71B30B1B300474003C3E69 /* NSObject+MagicalDataImport.m in Sources */,
				1F71B3211B300474003C3E69 /* MagicalRecordInternal.m in Sources */,
				1F71B3131B300474003C3E69 /* NSManagedObjectContext+MagicalChainSave.m in Sources */,
				1F71B3141B300474003C3E69 /* NSManagedObjectContext+MagicalObserving.m in Sources */,
				1F71B31C1B300474003C3E69 /* MagicalRecord+ErrorHandling.m in Sources */,
			);
			runOnlyForDeploymentPostprocessing = 0;
		};
		1FEB9EB21AFCBE3300E242E2 /* Sources */ = {
			isa = PBXSourcesBuildPhase;
			buildActionMask = 2147483647;
			files = (
				1FEB9EBD1AFCBE3300E242E2 /* MagicalRecordTestDemoTests.m in Sources */,
			);
			runOnlyForDeploymentPostprocessing = 0;
		};
/* End PBXSourcesBuildPhase section */

/* Begin PBXTargetDependency section */
		1FEB9EB81AFCBE3300E242E2 /* PBXTargetDependency */ = {
			isa = PBXTargetDependency;
			target = 1FEB9E991AFCBE3300E242E2 /* MagicalRecordTestDemo */;
			targetProxy = 1FEB9EB71AFCBE3300E242E2 /* PBXContainerItemProxy */;
		};
/* End PBXTargetDependency section */

/* Begin PBXVariantGroup section */
		1FEB9EAA1AFCBE3300E242E2 /* Main.storyboard */ = {
			isa = PBXVariantGroup;
			children = (
				1FEB9EAB1AFCBE3300E242E2 /* Base */,
			);
			name = Main.storyboard;
			sourceTree = "<group>";
		};
		1FEB9EAF1AFCBE3300E242E2 /* LaunchScreen.xib */ = {
			isa = PBXVariantGroup;
			children = (
				1FEB9EB01AFCBE3300E242E2 /* Base */,
			);
			name = LaunchScreen.xib;
			sourceTree = "<group>";
		};
/* End PBXVariantGroup section */

/* Begin XCBuildConfiguration section */
		1FEB9EBE1AFCBE3300E242E2 /* Debug */ = {
			isa = XCBuildConfiguration;
			buildSettings = {
				ALWAYS_SEARCH_USER_PATHS = NO;
				CLANG_CXX_LANGUAGE_STANDARD = "gnu++0x";
				CLANG_CXX_LIBRARY = "libc++";
				CLANG_ENABLE_MODULES = YES;
				CLANG_ENABLE_OBJC_ARC = YES;
				CLANG_WARN_BOOL_CONVERSION = YES;
				CLANG_WARN_CONSTANT_CONVERSION = YES;
				CLANG_WARN_DIRECT_OBJC_ISA_USAGE = YES_ERROR;
				CLANG_WARN_EMPTY_BODY = YES;
				CLANG_WARN_ENUM_CONVERSION = YES;
				CLANG_WARN_INT_CONVERSION = YES;
				CLANG_WARN_OBJC_ROOT_CLASS = YES_ERROR;
				CLANG_WARN_UNREACHABLE_CODE = YES;
				CLANG_WARN__DUPLICATE_METHOD_MATCH = YES;
				"CODE_SIGN_IDENTITY[sdk=iphoneos*]" = "iPhone Developer";
				COPY_PHASE_STRIP = NO;
				DEBUG_INFORMATION_FORMAT = "dwarf-with-dsym";
				ENABLE_STRICT_OBJC_MSGSEND = YES;
				GCC_C_LANGUAGE_STANDARD = gnu99;
				GCC_DYNAMIC_NO_PIC = NO;
				GCC_NO_COMMON_BLOCKS = YES;
				GCC_OPTIMIZATION_LEVEL = 0;
				GCC_PREPROCESSOR_DEFINITIONS = (
					"DEBUG=1",
					"$(inherited)",
				);
				GCC_SYMBOLS_PRIVATE_EXTERN = NO;
				GCC_WARN_64_TO_32_BIT_CONVERSION = YES;
				GCC_WARN_ABOUT_RETURN_TYPE = YES_ERROR;
				GCC_WARN_UNDECLARED_SELECTOR = YES;
				GCC_WARN_UNINITIALIZED_AUTOS = YES_AGGRESSIVE;
				GCC_WARN_UNUSED_FUNCTION = YES;
				GCC_WARN_UNUSED_VARIABLE = YES;
				IPHONEOS_DEPLOYMENT_TARGET = 8.3;
				MTL_ENABLE_DEBUG_INFO = YES;
				ONLY_ACTIVE_ARCH = YES;
				SDKROOT = iphoneos;
				TARGETED_DEVICE_FAMILY = "1,2";
				USER_HEADER_SEARCH_PATHS = "$(PROJ_DIR)";
			};
			name = Debug;
		};
		1FEB9EBF1AFCBE3300E242E2 /* Release */ = {
			isa = XCBuildConfiguration;
			buildSettings = {
				ALWAYS_SEARCH_USER_PATHS = NO;
				CLANG_CXX_LANGUAGE_STANDARD = "gnu++0x";
				CLANG_CXX_LIBRARY = "libc++";
				CLANG_ENABLE_MODULES = YES;
				CLANG_ENABLE_OBJC_ARC = YES;
				CLANG_WARN_BOOL_CONVERSION = YES;
				CLANG_WARN_CONSTANT_CONVERSION = YES;
				CLANG_WARN_DIRECT_OBJC_ISA_USAGE = YES_ERROR;
				CLANG_WARN_EMPTY_BODY = YES;
				CLANG_WARN_ENUM_CONVERSION = YES;
				CLANG_WARN_INT_CONVERSION = YES;
				CLANG_WARN_OBJC_ROOT_CLASS = YES_ERROR;
				CLANG_WARN_UNREACHABLE_CODE = YES;
				CLANG_WARN__DUPLICATE_METHOD_MATCH = YES;
				"CODE_SIGN_IDENTITY[sdk=iphoneos*]" = "iPhone Developer";
				COPY_PHASE_STRIP = NO;
				DEBUG_INFORMATION_FORMAT = "dwarf-with-dsym";
				ENABLE_NS_ASSERTIONS = NO;
				ENABLE_STRICT_OBJC_MSGSEND = YES;
				GCC_C_LANGUAGE_STANDARD = gnu99;
				GCC_NO_COMMON_BLOCKS = YES;
				GCC_WARN_64_TO_32_BIT_CONVERSION = YES;
				GCC_WARN_ABOUT_RETURN_TYPE = YES_ERROR;
				GCC_WARN_UNDECLARED_SELECTOR = YES;
				GCC_WARN_UNINITIALIZED_AUTOS = YES_AGGRESSIVE;
				GCC_WARN_UNUSED_FUNCTION = YES;
				GCC_WARN_UNUSED_VARIABLE = YES;
				IPHONEOS_DEPLOYMENT_TARGET = 8.3;
				MTL_ENABLE_DEBUG_INFO = NO;
				SDKROOT = iphoneos;
				TARGETED_DEVICE_FAMILY = "1,2";
				USER_HEADER_SEARCH_PATHS = "$(PROJ_DIR)";
				VALIDATE_PRODUCT = YES;
			};
			name = Release;
		};
		1FEB9EC11AFCBE3300E242E2 /* Debug */ = {
			isa = XCBuildConfiguration;
			buildSettings = {
				ASSETCATALOG_COMPILER_APPICON_NAME = AppIcon;
				GCC_PRECOMPILE_PREFIX_HEADER = YES;
				GCC_PREFIX_HEADER = "$(PROJECT_DIR)/MagicalRecordTestDemo/MagicalRecordTestDemo-Prefix.pch";
				INFOPLIST_FILE = MagicalRecordTestDemo/Info.plist;
				LD_RUNPATH_SEARCH_PATHS = "$(inherited) @executable_path/Frameworks";
				PRODUCT_NAME = "$(TARGET_NAME)";
				USER_HEADER_SEARCH_PATHS = "$(PROJECT_DIR)/MagicalRecordTestDemo/Vendors/MagicalRecord/**";
			};
			name = Debug;
		};
		1FEB9EC21AFCBE3300E242E2 /* Release */ = {
			isa = XCBuildConfiguration;
			buildSettings = {
				ASSETCATALOG_COMPILER_APPICON_NAME = AppIcon;
				GCC_PRECOMPILE_PREFIX_HEADER = YES;
				GCC_PREFIX_HEADER = "$(PROJECT_DIR)/MagicalRecordTestDemo/MagicalRecordTestDemo-Prefix.pch";
				INFOPLIST_FILE = MagicalRecordTestDemo/Info.plist;
				LD_RUNPATH_SEARCH_PATHS = "$(inherited) @executable_path/Frameworks";
				PRODUCT_NAME = "$(TARGET_NAME)";
				USER_HEADER_SEARCH_PATHS = "$(PROJECT_DIR)/MagicalRecordTestDemo/Vendors/MagicalRecord/**";
			};
			name = Release;
		};
		1FEB9EC41AFCBE3300E242E2 /* Debug */ = {
			isa = XCBuildConfiguration;
			buildSettings = {
				BUNDLE_LOADER = "$(TEST_HOST)";
				FRAMEWORK_SEARCH_PATHS = (
					"$(SDKROOT)/Developer/Library/Frameworks",
					"$(inherited)",
				);
				GCC_PREPROCESSOR_DEFINITIONS = (
					"DEBUG=1",
					"$(inherited)",
				);
				INFOPLIST_FILE = MagicalRecordTestDemoTests/Info.plist;
				LD_RUNPATH_SEARCH_PATHS = "$(inherited) @executable_path/Frameworks @loader_path/Frameworks";
				PRODUCT_NAME = "$(TARGET_NAME)";
				TEST_HOST = "$(BUILT_PRODUCTS_DIR)/MagicalRecordTestDemo.app/MagicalRecordTestDemo";
			};
			name = Debug;
		};
		1FEB9EC51AFCBE3300E242E2 /* Release */ = {
			isa = XCBuildConfiguration;
			buildSettings = {
				BUNDLE_LOADER = "$(TEST_HOST)";
				FRAMEWORK_SEARCH_PATHS = (
					"$(SDKROOT)/Developer/Library/Frameworks",
					"$(inherited)",
				);
				INFOPLIST_FILE = MagicalRecordTestDemoTests/Info.plist;
				LD_RUNPATH_SEARCH_PATHS = "$(inherited) @executable_path/Frameworks @loader_path/Frameworks";
				PRODUCT_NAME = "$(TARGET_NAME)";
				TEST_HOST = "$(BUILT_PRODUCTS_DIR)/MagicalRecordTestDemo.app/MagicalRecordTestDemo";
			};
			name = Release;
		};
/* End XCBuildConfiguration section */

/* Begin XCConfigurationList section */
		1FEB9E951AFCBE3200E242E2 /* Build configuration list for PBXProject "MagicalRecordTestDemo" */ = {
			isa = XCConfigurationList;
			buildConfigurations = (
				1FEB9EBE1AFCBE3300E242E2 /* Debug */,
				1FEB9EBF1AFCBE3300E242E2 /* Release */,
			);
			defaultConfigurationIsVisible = 0;
			defaultConfigurationName = Release;
		};
		1FEB9EC01AFCBE3300E242E2 /* Build configuration list for PBXNativeTarget "MagicalRecordTestDemo" */ = {
			isa = XCConfigurationList;
			buildConfigurations = (
				1FEB9EC11AFCBE3300E242E2 /* Debug */,
				1FEB9EC21AFCBE3300E242E2 /* Release */,
			);
			defaultConfigurationIsVisible = 0;
			defaultConfigurationName = Release;
		};
		1FEB9EC31AFCBE3300E242E2 /* Build configuration list for PBXNativeTarget "MagicalRecordTestDemoTests" */ = {
			isa = XCConfigurationList;
			buildConfigurations = (
				1FEB9EC41AFCBE3300E242E2 /* Debug */,
				1FEB9EC51AFCBE3300E242E2 /* Release */,
			);
			defaultConfigurationIsVisible = 0;
			defaultConfigurationName = Release;
		};
/* End XCConfigurationList section */

/* Begin XCVersionGroup section */
		1FEB9EA41AFCBE3300E242E2 /* MagicalRecordTestDemo.xcdatamodeld */ = {
			isa = XCVersionGroup;
			children = (
				1FEB9EA51AFCBE3300E242E2 /* MagicalRecordTestDemo.xcdatamodel */,
			);
			currentVersion = 1FEB9EA51AFCBE3300E242E2 /* MagicalRecordTestDemo.xcdatamodel */;
			path = MagicalRecordTestDemo.xcdatamodeld;
			sourceTree = "<group>";
			versionGroupType = wrapper.xcdatamodel;
		};
/* End XCVersionGroup section */
	};
	rootObject = 1FEB9E921AFCBE3200E242E2 /* Project object */;
}
